
Microsoft Visual Studio Solution File, Format Version 12.00
# Visual Studio Version 16
VisualStudioVersion = 16.0.30225.117
MinimumVisualStudioVersion = 10.0.40219.1
Project("{FAE04EC0-301F-11D3-BF4B-00C04F79EFBC}") = "Minesweeper Clone", "Minesweeper Clone.csproj", "{00DDD4F7-CF1C-4031-8E49-FECE1B4F3E2E}"
EndProject
Project("{9A19103F-16F7-4668-BE54-9A1E7A4F7556}") = "MineSweeperClassLibrary", "..\MineSweeperClassLibrary\MineSweeperClassLibrary.csproj", "{CE1270FF-3F18-465A-887D-194301F22315}"
EndProject
Global
	GlobalSection(SolutionConfigurationPlatforms) = preSolution
		Debug|Any CPU = Debug|Any CPU
		Release|Any CPU = Release|Any CPU
	EndGlobalSection
	GlobalSection(ProjectConfigurationPlatforms) = postSolution
		{00DDD4F7-CF1C-4031-8E49-FECE1B4F3E2E}.Debug|Any CPU.ActiveCfg = Debug|Any CPU
		{00DDD4F7-CF1C-4031-8E49-FECE1B4F3E2E}.Debug|Any CPU.Build.0 = Debug|Any CPU
		{00DDD4F7-CF1C-4031-8E49-FECE1B4F3E2E}.Release|Any CPU.ActiveCfg = Release|Any CPU
		{00DDD4F7-CF1C-4031-8E49-FECE1B4F3E2E}.Release|Any CPU.Build.0 = Release|Any CPU
		{CE1270FF-3F18-465A-887D-194301F22315}.Debug|Any CPU.ActiveCfg = Debug|Any CPU
		{CE1270FF-3F18-465A-887D-194301F22315}.Debug|Any CPU.Build.0 = Debug|Any CPU
		{CE1270FF-3F18-465A-887D-194301F22315}.Release|Any CPU.ActiveCfg = Release|Any CPU
		{CE1270FF-3F18-465A-887D-194301F22315}.Release|Any CPU.Build.0 = Release|Any CPU
	EndGlobalSection
	GlobalSection(SolutionProperties) = preSolution
		HideSolutionNode = FALSE
	EndGlobalSection
	GlobalSection(ExtensibilityGlobals) = postSolution
		SolutionGuid = {BEEA2BE3-61B1-4C51-B994-62AE04D1D799}
	EndGlobalSection
EndGlobal
